// !$*UTF8*$!
{
	archiveVersion = 1;
	classes = {
	};
	objectVersion = 50;
	objects = {

/* Begin PBXBuildFile section */
		A216F92224FC00CE00A97483 /* AppDelegate.swift in Sources */ = {isa = PBXBuildFile; fileRef = A216F92124FC00CE00A97483 /* AppDelegate.swift */; };
		A216F92424FC00CE00A97483 /* SceneDelegate.swift in Sources */ = {isa = PBXBuildFile; fileRef = A216F92324FC00CE00A97483 /* SceneDelegate.swift */; };
		A216F92624FC00CE00A97483 /* BeaconInfoVC.swift in Sources */ = {isa = PBXBuildFile; fileRef = A216F92524FC00CE00A97483 /* BeaconInfoVC.swift */; };
		A216F92924FC00CE00A97483 /* Main.storyboard in Resources */ = {isa = PBXBuildFile; fileRef = A216F92724FC00CE00A97483 /* Main.storyboard */; };
		A216F92B24FC00D000A97483 /* Assets.xcassets in Resources */ = {isa = PBXBuildFile; fileRef = A216F92A24FC00D000A97483 /* Assets.xcassets */; };
		A216F92E24FC00D000A97483 /* LaunchScreen.storyboard in Resources */ = {isa = PBXBuildFile; fileRef = A216F92C24FC00D000A97483 /* LaunchScreen.storyboard */; };
		A225AE4A24FC13EF0068222D /* Debug.swift in Sources */ = {isa = PBXBuildFile; fileRef = A225AE4924FC13EF0068222D /* Debug.swift */; };
		A225AE4C24FC21270068222D /* Extensions.swift in Sources */ = {isa = PBXBuildFile; fileRef = A225AE4B24FC21270068222D /* Extensions.swift */; };
/* End PBXBuildFile section */

/* Begin PBXFileReference section */
		A216F91E24FC00CE00A97483 /* iBeaconRangingMonitoring.app */ = {isa = PBXFileReference; explicitFileType = wrapper.application; includeInIndex = 0; path = iBeaconRangingMonitoring.app; sourceTree = BUILT_PRODUCTS_DIR; };
		A216F92124FC00CE00A97483 /* AppDelegate.swift */ = {isa = PBXFileReference; lastKnownFileType = sourcecode.swift; path = AppDelegate.swift; sourceTree = "<group>"; };
		A216F92324FC00CE00A97483 /* SceneDelegate.swift */ = {isa = PBXFileReference; lastKnownFileType = sourcecode.swift; path = SceneDelegate.swift; sourceTree = "<group>"; };
		A216F92524FC00CE00A97483 /* BeaconInfoVC.swift */ = {isa = PBXFileReference; lastKnownFileType = sourcecode.swift; path = BeaconInfoVC.swift; sourceTree = "<group>"; };
		A216F92824FC00CE00A97483 /* Base */ = {isa = PBXFileReference; lastKnownFileType = file.storyboard; name = Base; path = Base.lproj/Main.storyboard; sourceTree = "<group>"; };
		A216F92A24FC00D000A97483 /* Assets.xcassets */ = {isa = PBXFileReference; lastKnownFileType = folder.assetcatalog; path = Assets.xcassets; sourceTree = "<group>"; };
		A216F92D24FC00D000A97483 /* Base */ = {isa = PBXFileReference; lastKnownFileType = file.storyboard; name = Base; path = Base.lproj/LaunchScreen.storyboard; sourceTree = "<group>"; };
		A216F92F24FC00D000A97483 /* Info.plist */ = {isa = PBXFileReference; lastKnownFileType = text.plist.xml; path = Info.plist; sourceTree = "<group>"; };
		A225AE4924FC13EF0068222D /* Debug.swift */ = {isa = PBXFileReference; lastKnownFileType = sourcecode.swift; path = Debug.swift; sourceTree = "<group>"; };
		A225AE4B24FC21270068222D /* Extensions.swift */ = {isa = PBXFileReference; lastKnownFileType = sourcecode.swift; path = Extensions.swift; sourceTree = "<group>"; };
/* End PBXFileReference section */

/* Begin PBXFrameworksBuildPhase section */
		A216F91B24FC00CE00A97483 /* Frameworks */ = {
			isa = PBXFrameworksBuildPhase;
			buildActionMask = 2147483647;
			files = (
			);
			runOnlyForDeploymentPostprocessing = 0;
		};
/* End PBXFrameworksBuildPhase section */

/* Begin PBXGroup section */
		A216F91524FC00CE00A97483 = {
			isa = PBXGroup;
			children = (
				A216F92024FC00CE00A97483 /* iBeaconRangingMonitoring */,
				A216F91F24FC00CE00A97483 /* Products */,
			);
			sourceTree = "<group>";
		};
		A216F91F24FC00CE00A97483 /* Products */ = {
			isa = PBXGroup;
			children = (
				A216F91E24FC00CE00A97483 /* iBeaconRangingMonitoring.app */,
			);
			name = Products;
			sourceTree = "<group>";
		};
		A216F92024FC00CE00A97483 /* iBeaconRangingMonitoring */ = {
			isa = PBXGroup;
			children = (
				A216F93624FC011300A97483 /* UI */,
				A216F93524FC00F800A97483 /* Core */,
				A216F92A24FC00D000A97483 /* Assets.xcassets */,
			);
			path = iBeaconRangingMonitoring;
			sourceTree = "<group>";
		};
		A216F93524FC00F800A97483 /* Core */ = {
			isa = PBXGroup;
			children = (
				A216F92F24FC00D000A97483 /* Info.plist */,
				A216F92124FC00CE00A97483 /* AppDelegate.swift */,
				A216F92324FC00CE00A97483 /* SceneDelegate.swift */,
				A225AE4924FC13EF0068222D /* Debug.swift */,
				A225AE4B24FC21270068222D /* Extensions.swift */,
			);
			path = Core;
			sourceTree = "<group>";
		};
		A216F93624FC011300A97483 /* UI */ = {
			isa = PBXGroup;
			children = (
				A216F92524FC00CE00A97483 /* BeaconInfoVC.swift */,
				A216F92724FC00CE00A97483 /* Main.storyboard */,
				A216F92C24FC00D000A97483 /* LaunchScreen.storyboard */,
			);
			path = UI;
			sourceTree = "<group>";
		};
/* End PBXGroup section */

/* Begin PBXNativeTarget section */
		A216F91D24FC00CE00A97483 /* iBeaconRangingMonitoring */ = {
			isa = PBXNativeTarget;
			buildConfigurationList = A216F93224FC00D000A97483 /* Build configuration list for PBXNativeTarget "iBeaconRangingMonitoring" */;
			buildPhases = (
				A216F91A24FC00CE00A97483 /* Sources */,
				A216F91B24FC00CE00A97483 /* Frameworks */,
				A216F91C24FC00CE00A97483 /* Resources */,
			);
			buildRules = (
			);
			dependencies = (
			);
			name = iBeaconRangingMonitoring;
			productName = iBeaconRangingMonitoring;
			productReference = A216F91E24FC00CE00A97483 /* iBeaconRangingMonitoring.app */;
			productType = "com.apple.product-type.application";
		};
/* End PBXNativeTarget section */

/* Begin PBXProject section */
		A216F91624FC00CE00A97483 /* Project object */ = {
			isa = PBXProject;
			attributes = {
				LastSwiftUpdateCheck = 1160;
				LastUpgradeCheck = 1160;
				ORGANIZATIONNAME = "Orest Patlyka";
				TargetAttributes = {
					A216F91D24FC00CE00A97483 = {
						CreatedOnToolsVersion = 11.6;
					};
				};
			};
			buildConfigurationList = A216F91924FC00CE00A97483 /* Build configuration list for PBXProject "iBeaconRangingMonitoring" */;
			compatibilityVersion = "Xcode 9.3";
			developmentRegion = en;
			hasScannedForEncodings = 0;
			knownRegions = (
				en,
				Base,
			);
			mainGroup = A216F91524FC00CE00A97483;
			productRefGroup = A216F91F24FC00CE00A97483 /* Products */;
			projectDirPath = "";
			projectRoot = "";
			targets = (
				A216F91D24FC00CE00A97483 /* iBeaconRangingMonitoring */,
			);
		};
/* End PBXProject section */

/* Begin PBXResourcesBuildPhase section */
		A216F91C24FC00CE00A97483 /* Resources */ = {
			isa = PBXResourcesBuildPhase;
			buildActionMask = 2147483647;
			files = (
				A216F92E24FC00D000A97483 /* LaunchScreen.storyboard in Resources */,
				A216F92B24FC00D000A97483 /* Assets.xcassets in Resources */,
				A216F92924FC00CE00A97483 /* Main.storyboard in Resources */,
			);
			runOnlyForDeploymentPostprocessing = 0;
		};
/* End PBXResourcesBuildPhase section */

/* Begin PBXSourcesBuildPhase section */
		A216F91A24FC00CE00A97483 /* Sources */ = {
			isa = PBXSourcesBuildPhase;
			buildActionMask = 2147483647;
			files = (
				A225AE4C24FC21270068222D /* Extensions.swift in Sources */,
				A216F92624FC00CE00A97483 /* BeaconInfoVC.swift in Sources */,
				A225AE4A24FC13EF0068222D /* Debug.swift in Sources */,
				A216F92224FC00CE00A97483 /* AppDelegate.swift in Sources */,
				A216F92424FC00CE00A97483 /* SceneDelegate.swift in Sources */,
			);
			runOnlyForDeploymentPostprocessing = 0;
		};
/* End PBXSourcesBuildPhase section */

/* Begin PBXVariantGroup section */
		A216F92724FC00CE00A97483 /* Main.storyboard */ = {
			isa = PBXVariantGroup;
			children = (
				A216F92824FC00CE00A97483 /* Base */,
			);
			name = Main.storyboard;
			sourceTree = "<group>";
		};
		A216F92C24FC00D000A97483 /* LaunchScreen.storyboard */ = {
			isa = PBXVariantGroup;
			children = (
				A216F92D24FC00D000A97483 /* Base */,
			);
			name = LaunchScreen.storyboard;
			sourceTree = "<group>";
		};
/* End PBXVariantGroup section */

/* Begin XCBuildConfiguration section */
		A216F93024FC00D000A97483 /* Debug */ = {
			isa = XCBuildConfiguration;
			buildSettings = {
				ALWAYS_SEARCH_USER_PATHS = NO;
				CLANG_ANALYZER_NONNULL = YES;
				CLANG_ANALYZER_NUMBER_OBJECT_CONVERSION = YES_AGGRESSIVE;
				CLANG_CXX_LANGUAGE_STANDARD = "gnu++14";
				CLANG_CXX_LIBRARY = "libc++";
				CLANG_ENABLE_MODULES = YES;
				CLANG_ENABLE_OBJC_ARC = YES;
				CLANG_ENABLE_OBJC_WEAK = YES;
				CLANG_WARN_BLOCK_CAPTURE_AUTORELEASING = YES;
				CLANG_WARN_BOOL_CONVERSION = YES;
				CLANG_WARN_COMMA = YES;
				CLANG_WARN_CONSTANT_CONVERSION = YES;
				CLANG_WARN_DEPRECATED_OBJC_IMPLEMENTATIONS = YES;
				CLANG_WARN_DIRECT_OBJC_ISA_USAGE = YES_ERROR;
				CLANG_WARN_DOCUMENTATION_COMMENTS = YES;
				CLANG_WARN_EMPTY_BODY = YES;
				CLANG_WARN_ENUM_CONVERSION = YES;
				CLANG_WARN_INFINITE_RECURSION = YES;
				CLANG_WARN_INT_CONVERSION = YES;
				CLANG_WARN_NON_LITERAL_NULL_CONVERSION = YES;
				CLANG_WARN_OBJC_IMPLICIT_RETAIN_SELF = YES;
				CLANG_WARN_OBJC_LITERAL_CONVERSION = YES;
				CLANG_WARN_OBJC_ROOT_CLASS = YES_ERROR;
				CLANG_WARN_RANGE_LOOP_ANALYSIS = YES;
				CLANG_WARN_STRICT_PROTOTYPES = YES;
				CLANG_WARN_SUSPICIOUS_MOVE = YES;
				CLANG_WARN_UNGUARDED_AVAILABILITY = YES_AGGRESSIVE;
				CLANG_WARN_UNREACHABLE_CODE = YES;
				CLANG_WARN__DUPLICATE_METHOD_MATCH = YES;
				COPY_PHASE_STRIP = NO;
				DEBUG_INFORMATION_FORMAT = dwarf;
				ENABLE_STRICT_OBJC_MSGSEND = YES;
				ENABLE_TESTABILITY = YES;
				GCC_C_LANGUAGE_STANDARD = gnu11;
				GCC_DYNAMIC_NO_PIC = NO;
				GCC_NO_COMMON_BLOCKS = YES;
				GCC_OPTIMIZATION_LEVEL = 0;
				GCC_PREPROCESSOR_DEFINITIONS = (
					"DEBUG=1",
					"$(inherited)",
				);
				GCC_WARN_64_TO_32_BIT_CONVERSION = YES;
				GCC_WARN_ABOUT_RETURN_TYPE = YES_ERROR;
				GCC_WARN_UNDECLARED_SELECTOR = YES;
				GCC_WARN_UNINITIALIZED_AUTOS = YES_AGGRESSIVE;
				GCC_WARN_UNUSED_FUNCTION = YES;
				GCC_WARN_UNUSED_VARIABLE = YES;
				IPHONEOS_DEPLOYMENT_TARGET = 13.6;
				MTL_ENABLE_DEBUG_INFO = INCLUDE_SOURCE;
				MTL_FAST_MATH = YES;
				ONLY_ACTIVE_ARCH = YES;
				SDKROOT = iphoneos;
				SWIFT_ACTIVE_COMPILATION_CONDITIONS = DEBUG;
				SWIFT_OPTIMIZATION_LEVEL = "-Onone";
			};
			name = Debug;
		};
		A216F93124FC00D000A97483 /* Release */ = {
			isa = XCBuildConfiguration;
			buildSettings = {
				ALWAYS_SEARCH_USER_PATHS = NO;
				CLANG_ANALYZER_NONNULL = YES;
				CLANG_ANALYZER_NUMBER_OBJECT_CONVERSION = YES_AGGRESSIVE;
				CLANG_CXX_LANGUAGE_STANDARD = "gnu++14";
				CLANG_CXX_LIBRARY = "libc++";
				CLANG_ENABLE_MODULES = YES;
				CLANG_ENABLE_OBJC_ARC = YES;
				CLANG_ENABLE_OBJC_WEAK = YES;
				CLANG_WARN_BLOCK_CAPTURE_AUTORELEASING = YES;
				CLANG_WARN_BOOL_CONVERSION = YES;
				CLANG_WARN_COMMA = YES;
				CLANG_WARN_CONSTANT_CONVERSION = YES;
				CLANG_WARN_DEPRECATED_OBJC_IMPLEMENTATIONS = YES;
				CLANG_WARN_DIRECT_OBJC_ISA_USAGE = YES_ERROR;
				CLANG_WARN_DOCUMENTATION_COMMENTS = YES;
				CLANG_WARN_EMPTY_BODY = YES;
				CLANG_WARN_ENUM_CONVERSION = YES;
				CLANG_WARN_INFINITE_RECURSION = YES;
				CLANG_WARN_INT_CONVERSION = YES;
				CLANG_WARN_NON_LITERAL_NULL_CONVERSION = YES;
				CLANG_WARN_OBJC_IMPLICIT_RETAIN_SELF = YES;
				CLANG_WARN_OBJC_LITERAL_CONVERSION = YES;
				CLANG_WARN_OBJC_ROOT_CLASS = YES_ERROR;
				CLANG_WARN_RANGE_LOOP_ANALYSIS = YES;
				CLANG_WARN_STRICT_PROTOTYPES = YES;
				CLANG_WARN_SUSPICIOUS_MOVE = YES;
				CLANG_WARN_UNGUARDED_AVAILABILITY = YES_AGGRESSIVE;
				CLANG_WARN_UNREACHABLE_CODE = YES;
				CLANG_WARN__DUPLICATE_METHOD_MATCH = YES;
				COPY_PHASE_STRIP = NO;
				DEBUG_INFORMATION_FORMAT = "dwarf-with-dsym";
				ENABLE_NS_ASSERTIONS = NO;
				ENABLE_STRICT_OBJC_MSGSEND = YES;
				GCC_C_LANGUAGE_STANDARD = gnu11;
				GCC_NO_COMMON_BLOCKS = YES;
				GCC_WARN_64_TO_32_BIT_CONVERSION = YES;
				GCC_WARN_ABOUT_RETURN_TYPE = YES_ERROR;
				GCC_WARN_UNDECLARED_SELECTOR = YES;
				GCC_WARN_UNINITIALIZED_AUTOS = YES_AGGRESSIVE;
				GCC_WARN_UNUSED_FUNCTION = YES;
				GCC_WARN_UNUSED_VARIABLE = YES;
				IPHONEOS_DEPLOYMENT_TARGET = 13.6;
				MTL_ENABLE_DEBUG_INFO = NO;
				MTL_FAST_MATH = YES;
				SDKROOT = iphoneos;
				SWIFT_COMPILATION_MODE = wholemodule;
				SWIFT_OPTIMIZATION_LEVEL = "-O";
				VALIDATE_PRODUCT = YES;
			};
			name = Release;
		};
		A216F93324FC00D000A97483 /* Debug */ = {
			isa = XCBuildConfiguration;
			buildSettings = {
				ASSETCATALOG_COMPILER_APPICON_NAME = AppIcon;
				CODE_SIGN_STYLE = Automatic;
				DEVELOPMENT_TEAM = B6Y5S54D52;
				INFOPLIST_FILE = "$(SRCROOT)/iBeaconRangingMonitoring/Core/Info.plist";
				IPHONEOS_DEPLOYMENT_TARGET = 13.0;
				LD_RUNPATH_SEARCH_PATHS = (
					"$(inherited)",
					"@executable_path/Frameworks",
				);
				PRODUCT_BUNDLE_IDENTIFIER = opapps.iBeaconRangingMonitoring;
				PRODUCT_NAME = "$(TARGET_NAME)";
				SWIFT_VERSION = 5.0;
				TARGETED_DEVICE_FAMILY = 1;
			};
			name = Debug;
		};
		A216F93424FC00D000A97483 /* Release */ = {
			isa = XCBuildConfiguration;
			buildSettings = {
				ASSETCATALOG_COMPILER_APPICON_NAME = AppIcon;
				CODE_SIGN_STYLE = Automatic;
				DEVELOPMENT_TEAM = B6Y5S54D52;
				INFOPLIST_FILE = "$(SRCROOT)/iBeaconRangingMonitoring/Core/Info.plist";
				IPHONEOS_DEPLOYMENT_TARGET = 13.0;
				LD_RUNPATH_SEARCH_PATHS = (
					"$(inherited)",
					"@executable_path/Frameworks",
				);
				PRODUCT_BUNDLE_IDENTIFIER = opapps.iBeaconRangingMonitoring;
				PRODUCT_NAME = "$(TARGET_NAME)";
				SWIFT_VERSION = 5.0;
				TARGETED_DEVICE_FAMILY = 1;
			};
			name = Release;
		};
/* End XCBuildConfiguration section */

/* Begin XCConfigurationList section */
		A216F91924FC00CE00A97483 /* Build configuration list for PBXProject "iBeaconRangingMonitoring" */ = {
			isa = XCConfigurationList;
			buildConfigurations = (
				A216F93024FC00D000A97483 /* Debug */,
				A216F93124FC00D000A97483 /* Release */,
			);
			defaultConfigurationIsVisible = 0;
			defaultConfigurationName = Release;
		};
		A216F93224FC00D000A97483 /* Build configuration list for PBXNativeTarget "iBeaconRangingMonitoring" */ = {
			isa = XCConfigurationList;
			buildConfigurations = (
				A216F93324FC00D000A97483 /* Debug */,
				A216F93424FC00D000A97483 /* Release */,
			);
			defaultConfigurationIsVisible = 0;
			defaultConfigurationName = Release;
		};
/* End XCConfigurationList section */
	};
	rootObject = A216F91624FC00CE00A97483 /* Project object */;
}
